// !$*UTF8*$!
{
	archiveVersion = 1;
	classes = {
	};
	objectVersion = 48;
	objects = {

/* Begin PBXBuildFile section */
		2D0D31E95BAACF264344A6A7 /* Pods_MamaWeatherUITests.framework in Frameworks */ = {isa = PBXBuildFile; fileRef = FA4DBD5AA0F449ED8E738F48 /* Pods_MamaWeatherUITests.framework */; };
		2E21BB7411EBF3787FA711C2 /* Pods_MamaWeather.framework in Frameworks */ = {isa = PBXBuildFile; fileRef = 3313CADA64042B10E2C61092 /* Pods_MamaWeather.framework */; };
		3940AC341FF7C59700703C44 /* SearchViewController.swift in Sources */ = {isa = PBXBuildFile; fileRef = 3940AC331FF7C59700703C44 /* SearchViewController.swift */; };
		397511E01FF7AE1600412352 /* SwiftSVG.framework in Frameworks */ = {isa = PBXBuildFile; fileRef = 397511E11FF7AE1600412352 /* SwiftSVG.framework */; };
		397511E21FF7B6DD00412352 /* Alamofire.framework in Frameworks */ = {isa = PBXBuildFile; fileRef = 397511E41FF7B6DD00412352 /* Alamofire.framework */; };
		397511E31FF7B6DD00412352 /* SwiftyJSON.framework in Frameworks */ = {isa = PBXBuildFile; fileRef = 397511E51FF7B6DD00412352 /* SwiftyJSON.framework */; };
		5EEFC7A7C40F53A93CFEC74D /* Pods_MamaWeatherTests.framework in Frameworks */ = {isa = PBXBuildFile; fileRef = E7123F68B8640D85ECABCEED /* Pods_MamaWeatherTests.framework */; };
		C51C81B3202ED8700057E835 /* SearchParametersViewController.swift in Sources */ = {isa = PBXBuildFile; fileRef = C51C81B2202ED8700057E835 /* SearchParametersViewController.swift */; };
		C51E145C200BA3B200E79AFD /* CoreLocation.framework in Frameworks */ = {isa = PBXBuildFile; fileRef = C51E145B200BA3B200E79AFD /* CoreLocation.framework */; };
		C51E145E200BAB2C00E79AFD /* LocationManager.swift in Sources */ = {isa = PBXBuildFile; fileRef = C51E145D200BAB2C00E79AFD /* LocationManager.swift */; };
		C550F3362028D9AB001549DE /* Trie.swift in Sources */ = {isa = PBXBuildFile; fileRef = C550F3352028D9AB001549DE /* Trie.swift */; };
		C584C356202E4FBA0010DDAC /* Cities.swift in Sources */ = {isa = PBXBuildFile; fileRef = C584C355202E4FBA0010DDAC /* Cities.swift */; };
		C5A0FEDE1FCEF1160003AE40 /* AppDelegate.swift in Sources */ = {isa = PBXBuildFile; fileRef = C5A0FEDD1FCEF1160003AE40 /* AppDelegate.swift */; };
		C5A0FEE31FCEF1160003AE40 /* Main.storyboard in Resources */ = {isa = PBXBuildFile; fileRef = C5A0FEE11FCEF1160003AE40 /* Main.storyboard */; };
		C5A0FEE51FCEF1160003AE40 /* Assets.xcassets in Resources */ = {isa = PBXBuildFile; fileRef = C5A0FEE41FCEF1160003AE40 /* Assets.xcassets */; };
		C5A0FEE81FCEF1160003AE40 /* LaunchScreen.storyboard in Resources */ = {isa = PBXBuildFile; fileRef = C5A0FEE61FCEF1160003AE40 /* LaunchScreen.storyboard */; };
		C5A0FEF31FCEF1170003AE40 /* MamaWeatherTests.swift in Sources */ = {isa = PBXBuildFile; fileRef = C5A0FEF21FCEF1170003AE40 /* MamaWeatherTests.swift */; };
		C5A0FEFE1FCEF1170003AE40 /* MamaWeatherUITests.swift in Sources */ = {isa = PBXBuildFile; fileRef = C5A0FEFD1FCEF1170003AE40 /* MamaWeatherUITests.swift */; };
		C5B862541FCF04FF00BFDCE9 /* HomeViewController.swift in Sources */ = {isa = PBXBuildFile; fileRef = C5B862531FCF04FF00BFDCE9 /* HomeViewController.swift */; };
/* End PBXBuildFile section */

/* Begin PBXContainerItemProxy section */
		C5A0FEEF1FCEF1170003AE40 /* PBXContainerItemProxy */ = {
			isa = PBXContainerItemProxy;
			containerPortal = C5A0FED21FCEF1160003AE40 /* Project object */;
			proxyType = 1;
			remoteGlobalIDString = C5A0FED91FCEF1160003AE40;
			remoteInfo = MamaWeather;
		};
		C5A0FEFA1FCEF1170003AE40 /* PBXContainerItemProxy */ = {
			isa = PBXContainerItemProxy;
			containerPortal = C5A0FED21FCEF1160003AE40 /* Project object */;
			proxyType = 1;
			remoteGlobalIDString = C5A0FED91FCEF1160003AE40;
			remoteInfo = MamaWeather;
		};
/* End PBXContainerItemProxy section */

/* Begin PBXFileReference section */
		0D31AB42DA3121F6A69CB87C /* Pods-MamaWeatherTests.debug.xcconfig */ = {isa = PBXFileReference; includeInIndex = 1; lastKnownFileType = text.xcconfig; name = "Pods-MamaWeatherTests.debug.xcconfig"; path = "Pods/Target Support Files/Pods-MamaWeatherTests/Pods-MamaWeatherTests.debug.xcconfig"; sourceTree = "<group>"; };
		1D41867BB0A50130FF63923D /* Pods-MamaWeather.release.xcconfig */ = {isa = PBXFileReference; includeInIndex = 1; lastKnownFileType = text.xcconfig; name = "Pods-MamaWeather.release.xcconfig"; path = "Pods/Target Support Files/Pods-MamaWeather/Pods-MamaWeather.release.xcconfig"; sourceTree = "<group>"; };
		2A4E945CAF47EC479CB555AF /* Pods-MamaWeatherUITests.release.xcconfig */ = {isa = PBXFileReference; includeInIndex = 1; lastKnownFileType = text.xcconfig; name = "Pods-MamaWeatherUITests.release.xcconfig"; path = "Pods/Target Support Files/Pods-MamaWeatherUITests/Pods-MamaWeatherUITests.release.xcconfig"; sourceTree = "<group>"; };
		3313CADA64042B10E2C61092 /* Pods_MamaWeather.framework */ = {isa = PBXFileReference; explicitFileType = wrapper.framework; includeInIndex = 0; path = Pods_MamaWeather.framework; sourceTree = BUILT_PRODUCTS_DIR; };
		3940AC331FF7C59700703C44 /* SearchViewController.swift */ = {isa = PBXFileReference; lastKnownFileType = sourcecode.swift; path = SearchViewController.swift; sourceTree = "<group>"; };
		397511E11FF7AE1600412352 /* SwiftSVG.framework */ = {isa = PBXFileReference; explicitFileType = wrapper.framework; path = SwiftSVG.framework; sourceTree = BUILT_PRODUCTS_DIR; };
		397511E41FF7B6DD00412352 /* Alamofire.framework */ = {isa = PBXFileReference; explicitFileType = wrapper.framework; path = Alamofire.framework; sourceTree = BUILT_PRODUCTS_DIR; };
		397511E51FF7B6DD00412352 /* SwiftyJSON.framework */ = {isa = PBXFileReference; explicitFileType = wrapper.framework; path = SwiftyJSON.framework; sourceTree = BUILT_PRODUCTS_DIR; };
		5B998F16B4CD825623DDD622 /* Pods-MamaWeatherUITests.debug.xcconfig */ = {isa = PBXFileReference; includeInIndex = 1; lastKnownFileType = text.xcconfig; name = "Pods-MamaWeatherUITests.debug.xcconfig"; path = "Pods/Target Support Files/Pods-MamaWeatherUITests/Pods-MamaWeatherUITests.debug.xcconfig"; sourceTree = "<group>"; };
		913D7E027E298EDB6F4EC167 /* Pods-MamaWeather.debug.xcconfig */ = {isa = PBXFileReference; includeInIndex = 1; lastKnownFileType = text.xcconfig; name = "Pods-MamaWeather.debug.xcconfig"; path = "Pods/Target Support Files/Pods-MamaWeather/Pods-MamaWeather.debug.xcconfig"; sourceTree = "<group>"; };
		C51C81B2202ED8700057E835 /* SearchParametersViewController.swift */ = {isa = PBXFileReference; lastKnownFileType = sourcecode.swift; path = SearchParametersViewController.swift; sourceTree = "<group>"; };
		C51E145B200BA3B200E79AFD /* CoreLocation.framework */ = {isa = PBXFileReference; lastKnownFileType = wrapper.framework; name = CoreLocation.framework; path = System/Library/Frameworks/CoreLocation.framework; sourceTree = SDKROOT; };
		C51E145D200BAB2C00E79AFD /* LocationManager.swift */ = {isa = PBXFileReference; lastKnownFileType = sourcecode.swift; path = LocationManager.swift; sourceTree = "<group>"; };
		C550F3352028D9AB001549DE /* Trie.swift */ = {isa = PBXFileReference; lastKnownFileType = sourcecode.swift; path = Trie.swift; sourceTree = "<group>"; };
		C584C355202E4FBA0010DDAC /* Cities.swift */ = {isa = PBXFileReference; lastKnownFileType = sourcecode.swift; path = Cities.swift; sourceTree = "<group>"; };
		C5A0FEDA1FCEF1160003AE40 /* MamaWeather.app */ = {isa = PBXFileReference; explicitFileType = wrapper.application; includeInIndex = 0; path = MamaWeather.app; sourceTree = BUILT_PRODUCTS_DIR; };
		C5A0FEDD1FCEF1160003AE40 /* AppDelegate.swift */ = {isa = PBXFileReference; lastKnownFileType = sourcecode.swift; path = AppDelegate.swift; sourceTree = "<group>"; };
		C5A0FEE21FCEF1160003AE40 /* Base */ = {isa = PBXFileReference; lastKnownFileType = file.storyboard; name = Base; path = Base.lproj/Main.storyboard; sourceTree = "<group>"; };
		C5A0FEE41FCEF1160003AE40 /* Assets.xcassets */ = {isa = PBXFileReference; lastKnownFileType = folder.assetcatalog; path = Assets.xcassets; sourceTree = "<group>"; };
		C5A0FEE71FCEF1160003AE40 /* Base */ = {isa = PBXFileReference; lastKnownFileType = file.storyboard; name = Base; path = Base.lproj/LaunchScreen.storyboard; sourceTree = "<group>"; };
		C5A0FEE91FCEF1160003AE40 /* Info.plist */ = {isa = PBXFileReference; lastKnownFileType = text.plist.xml; path = Info.plist; sourceTree = "<group>"; };
		C5A0FEEE1FCEF1170003AE40 /* MamaWeatherTests.xctest */ = {isa = PBXFileReference; explicitFileType = wrapper.cfbundle; includeInIndex = 0; path = MamaWeatherTests.xctest; sourceTree = BUILT_PRODUCTS_DIR; };
		C5A0FEF21FCEF1170003AE40 /* MamaWeatherTests.swift */ = {isa = PBXFileReference; lastKnownFileType = sourcecode.swift; path = MamaWeatherTests.swift; sourceTree = "<group>"; };
		C5A0FEF41FCEF1170003AE40 /* Info.plist */ = {isa = PBXFileReference; lastKnownFileType = text.plist.xml; path = Info.plist; sourceTree = "<group>"; };
		C5A0FEF91FCEF1170003AE40 /* MamaWeatherUITests.xctest */ = {isa = PBXFileReference; explicitFileType = wrapper.cfbundle; includeInIndex = 0; path = MamaWeatherUITests.xctest; sourceTree = BUILT_PRODUCTS_DIR; };
		C5A0FEFD1FCEF1170003AE40 /* MamaWeatherUITests.swift */ = {isa = PBXFileReference; lastKnownFileType = sourcecode.swift; path = MamaWeatherUITests.swift; sourceTree = "<group>"; };
		C5A0FEFF1FCEF1170003AE40 /* Info.plist */ = {isa = PBXFileReference; lastKnownFileType = text.plist.xml; path = Info.plist; sourceTree = "<group>"; };
		C5B862531FCF04FF00BFDCE9 /* HomeViewController.swift */ = {isa = PBXFileReference; lastKnownFileType = sourcecode.swift; path = HomeViewController.swift; sourceTree = "<group>"; };
		E7123F68B8640D85ECABCEED /* Pods_MamaWeatherTests.framework */ = {isa = PBXFileReference; explicitFileType = wrapper.framework; includeInIndex = 0; path = Pods_MamaWeatherTests.framework; sourceTree = BUILT_PRODUCTS_DIR; };
		FA4DBD5AA0F449ED8E738F48 /* Pods_MamaWeatherUITests.framework */ = {isa = PBXFileReference; explicitFileType = wrapper.framework; includeInIndex = 0; path = Pods_MamaWeatherUITests.framework; sourceTree = BUILT_PRODUCTS_DIR; };
		FB52A5072B436C6C2776B678 /* Pods-MamaWeatherTests.release.xcconfig */ = {isa = PBXFileReference; includeInIndex = 1; lastKnownFileType = text.xcconfig; name = "Pods-MamaWeatherTests.release.xcconfig"; path = "Pods/Target Support Files/Pods-MamaWeatherTests/Pods-MamaWeatherTests.release.xcconfig"; sourceTree = "<group>"; };
/* End PBXFileReference section */

/* Begin PBXFrameworksBuildPhase section */
		C5A0FED71FCEF1160003AE40 /* Frameworks */ = {
			isa = PBXFrameworksBuildPhase;
			buildActionMask = 2147483647;
			files = (
				C51E145C200BA3B200E79AFD /* CoreLocation.framework in Frameworks */,
				397511E21FF7B6DD00412352 /* Alamofire.framework in Frameworks */,
				397511E31FF7B6DD00412352 /* SwiftyJSON.framework in Frameworks */,
				397511E01FF7AE1600412352 /* SwiftSVG.framework in Frameworks */,
				2E21BB7411EBF3787FA711C2 /* Pods_MamaWeather.framework in Frameworks */,
			);
			runOnlyForDeploymentPostprocessing = 0;
		};
		C5A0FEEB1FCEF1170003AE40 /* Frameworks */ = {
			isa = PBXFrameworksBuildPhase;
			buildActionMask = 2147483647;
			files = (
				5EEFC7A7C40F53A93CFEC74D /* Pods_MamaWeatherTests.framework in Frameworks */,
			);
			runOnlyForDeploymentPostprocessing = 0;
		};
		C5A0FEF61FCEF1170003AE40 /* Frameworks */ = {
			isa = PBXFrameworksBuildPhase;
			buildActionMask = 2147483647;
			files = (
				2D0D31E95BAACF264344A6A7 /* Pods_MamaWeatherUITests.framework in Frameworks */,
			);
			runOnlyForDeploymentPostprocessing = 0;
		};
/* End PBXFrameworksBuildPhase section */

/* Begin PBXGroup section */
		678C0B93246E37F1FD7FAA1C /* Pods */ = {
			isa = PBXGroup;
			children = (
				913D7E027E298EDB6F4EC167 /* Pods-MamaWeather.debug.xcconfig */,
				1D41867BB0A50130FF63923D /* Pods-MamaWeather.release.xcconfig */,
				0D31AB42DA3121F6A69CB87C /* Pods-MamaWeatherTests.debug.xcconfig */,
				FB52A5072B436C6C2776B678 /* Pods-MamaWeatherTests.release.xcconfig */,
				5B998F16B4CD825623DDD622 /* Pods-MamaWeatherUITests.debug.xcconfig */,
				2A4E945CAF47EC479CB555AF /* Pods-MamaWeatherUITests.release.xcconfig */,
			);
			name = Pods;
			sourceTree = "<group>";
		};
		A26BD0987D264EA24B6BF588 /* Frameworks */ = {
			isa = PBXGroup;
			children = (
				C51E145B200BA3B200E79AFD /* CoreLocation.framework */,
				397511E41FF7B6DD00412352 /* Alamofire.framework */,
				397511E51FF7B6DD00412352 /* SwiftyJSON.framework */,
				397511E11FF7AE1600412352 /* SwiftSVG.framework */,
				3313CADA64042B10E2C61092 /* Pods_MamaWeather.framework */,
				E7123F68B8640D85ECABCEED /* Pods_MamaWeatherTests.framework */,
				FA4DBD5AA0F449ED8E738F48 /* Pods_MamaWeatherUITests.framework */,
			);
			name = Frameworks;
			sourceTree = "<group>";
		};
		C5A0FED11FCEF1160003AE40 = {
			isa = PBXGroup;
			children = (
				C5A0FEDC1FCEF1160003AE40 /* MamaWeather */,
				C5A0FEF11FCEF1170003AE40 /* MamaWeatherTests */,
				C5A0FEFC1FCEF1170003AE40 /* MamaWeatherUITests */,
				C5A0FEDB1FCEF1160003AE40 /* Products */,
				A26BD0987D264EA24B6BF588 /* Frameworks */,
				678C0B93246E37F1FD7FAA1C /* Pods */,
			);
			sourceTree = "<group>";
		};
		C5A0FEDB1FCEF1160003AE40 /* Products */ = {
			isa = PBXGroup;
			children = (
				C5A0FEDA1FCEF1160003AE40 /* MamaWeather.app */,
				C5A0FEEE1FCEF1170003AE40 /* MamaWeatherTests.xctest */,
				C5A0FEF91FCEF1170003AE40 /* MamaWeatherUITests.xctest */,
			);
			name = Products;
			sourceTree = "<group>";
		};
		C5A0FEDC1FCEF1160003AE40 /* MamaWeather */ = {
			isa = PBXGroup;
			children = (
				C5A0FEDD1FCEF1160003AE40 /* AppDelegate.swift */,
				C5A0FEE11FCEF1160003AE40 /* Main.storyboard */,
				C5A0FEE41FCEF1160003AE40 /* Assets.xcassets */,
				C5A0FEE61FCEF1160003AE40 /* LaunchScreen.storyboard */,
				C5A0FEE91FCEF1160003AE40 /* Info.plist */,
				C5B862531FCF04FF00BFDCE9 /* HomeViewController.swift */,
				3940AC331FF7C59700703C44 /* SearchViewController.swift */,
				C51E145D200BAB2C00E79AFD /* LocationManager.swift */,
				C550F3352028D9AB001549DE /* Trie.swift */,
				C584C355202E4FBA0010DDAC /* Cities.swift */,
				C51C81B2202ED8700057E835 /* SearchParametersViewController.swift */,
			);
			path = MamaWeather;
			sourceTree = "<group>";
		};
		C5A0FEF11FCEF1170003AE40 /* MamaWeatherTests */ = {
			isa = PBXGroup;
			children = (
				C5A0FEF21FCEF1170003AE40 /* MamaWeatherTests.swift */,
				C5A0FEF41FCEF1170003AE40 /* Info.plist */,
			);
			path = MamaWeatherTests;
			sourceTree = "<group>";
		};
		C5A0FEFC1FCEF1170003AE40 /* MamaWeatherUITests */ = {
			isa = PBXGroup;
			children = (
				C5A0FEFD1FCEF1170003AE40 /* MamaWeatherUITests.swift */,
				C5A0FEFF1FCEF1170003AE40 /* Info.plist */,
			);
			path = MamaWeatherUITests;
			sourceTree = "<group>";
		};
/* End PBXGroup section */

/* Begin PBXNativeTarget section */
		C5A0FED91FCEF1160003AE40 /* MamaWeather */ = {
			isa = PBXNativeTarget;
			buildConfigurationList = C5A0FF021FCEF1170003AE40 /* Build configuration list for PBXNativeTarget "MamaWeather" */;
			buildPhases = (
				E6FF4DB95D7B2A9B71426B23 /* [CP] Check Pods Manifest.lock */,
				C5A0FED61FCEF1160003AE40 /* Sources */,
				C5A0FED71FCEF1160003AE40 /* Frameworks */,
				C5A0FED81FCEF1160003AE40 /* Resources */,
				9144ECEE5FF757D74C572349 /* [CP] Embed Pods Frameworks */,
				D64F0CF496904C91E6EED24F /* [CP] Copy Pods Resources */,
				C5A0FF0B1FCEFC700003AE40 /* ShellScript */,
			);
			buildRules = (
			);
			dependencies = (
			);
			name = MamaWeather;
			productName = MamaWeather;
			productReference = C5A0FEDA1FCEF1160003AE40 /* MamaWeather.app */;
			productType = "com.apple.product-type.application";
		};
		C5A0FEED1FCEF1170003AE40 /* MamaWeatherTests */ = {
			isa = PBXNativeTarget;
			buildConfigurationList = C5A0FF051FCEF1170003AE40 /* Build configuration list for PBXNativeTarget "MamaWeatherTests" */;
			buildPhases = (
				1A1EABABA8E3FBA638EE698B /* [CP] Check Pods Manifest.lock */,
				C5A0FEEA1FCEF1170003AE40 /* Sources */,
				C5A0FEEB1FCEF1170003AE40 /* Frameworks */,
				C5A0FEEC1FCEF1170003AE40 /* Resources */,
				67BFA0CE588F09F374C915F4 /* [CP] Embed Pods Frameworks */,
				616FD26AD9F94B15F9D6529C /* [CP] Copy Pods Resources */,
			);
			buildRules = (
			);
			dependencies = (
				C5A0FEF01FCEF1170003AE40 /* PBXTargetDependency */,
			);
			name = MamaWeatherTests;
			productName = MamaWeatherTests;
			productReference = C5A0FEEE1FCEF1170003AE40 /* MamaWeatherTests.xctest */;
			productType = "com.apple.product-type.bundle.unit-test";
		};
		C5A0FEF81FCEF1170003AE40 /* MamaWeatherUITests */ = {
			isa = PBXNativeTarget;
			buildConfigurationList = C5A0FF081FCEF1170003AE40 /* Build configuration list for PBXNativeTarget "MamaWeatherUITests" */;
			buildPhases = (
				851A3556C9A06F5A3761530F /* [CP] Check Pods Manifest.lock */,
				C5A0FEF51FCEF1170003AE40 /* Sources */,
				C5A0FEF61FCEF1170003AE40 /* Frameworks */,
				C5A0FEF71FCEF1170003AE40 /* Resources */,
				508ABD5AE16D2874D7E869E0 /* [CP] Embed Pods Frameworks */,
				9887AD2F5F967AF49C542AC6 /* [CP] Copy Pods Resources */,
			);
			buildRules = (
			);
			dependencies = (
				C5A0FEFB1FCEF1170003AE40 /* PBXTargetDependency */,
			);
			name = MamaWeatherUITests;
			productName = MamaWeatherUITests;
			productReference = C5A0FEF91FCEF1170003AE40 /* MamaWeatherUITests.xctest */;
			productType = "com.apple.product-type.bundle.ui-testing";
		};
/* End PBXNativeTarget section */

/* Begin PBXProject section */
		C5A0FED21FCEF1160003AE40 /* Project object */ = {
			isa = PBXProject;
			attributes = {
				LastSwiftUpdateCheck = 0910;
				LastUpgradeCheck = 0910;
				ORGANIZATIONNAME = "Boyan Vushkov";
				TargetAttributes = {
					C5A0FED91FCEF1160003AE40 = {
						CreatedOnToolsVersion = 9.1;
						ProvisioningStyle = Automatic;
					};
					C5A0FEED1FCEF1170003AE40 = {
						CreatedOnToolsVersion = 9.1;
						ProvisioningStyle = Automatic;
						TestTargetID = C5A0FED91FCEF1160003AE40;
					};
					C5A0FEF81FCEF1170003AE40 = {
						CreatedOnToolsVersion = 9.1;
						ProvisioningStyle = Automatic;
						TestTargetID = C5A0FED91FCEF1160003AE40;
					};
				};
			};
			buildConfigurationList = C5A0FED51FCEF1160003AE40 /* Build configuration list for PBXProject "MamaWeather" */;
			compatibilityVersion = "Xcode 8.0";
			developmentRegion = en;
			hasScannedForEncodings = 0;
			knownRegions = (
				en,
				Base,
			);
			mainGroup = C5A0FED11FCEF1160003AE40;
			productRefGroup = C5A0FEDB1FCEF1160003AE40 /* Products */;
			projectDirPath = "";
			projectRoot = "";
			targets = (
				C5A0FED91FCEF1160003AE40 /* MamaWeather */,
				C5A0FEED1FCEF1170003AE40 /* MamaWeatherTests */,
				C5A0FEF81FCEF1170003AE40 /* MamaWeatherUITests */,
			);
		};
/* End PBXProject section */

/* Begin PBXResourcesBuildPhase section */
		C5A0FED81FCEF1160003AE40 /* Resources */ = {
			isa = PBXResourcesBuildPhase;
			buildActionMask = 2147483647;
			files = (
				C5A0FEE81FCEF1160003AE40 /* LaunchScreen.storyboard in Resources */,
				C5A0FEE51FCEF1160003AE40 /* Assets.xcassets in Resources */,
				C5A0FEE31FCEF1160003AE40 /* Main.storyboard in Resources */,
			);
			runOnlyForDeploymentPostprocessing = 0;
		};
		C5A0FEEC1FCEF1170003AE40 /* Resources */ = {
			isa = PBXResourcesBuildPhase;
			buildActionMask = 2147483647;
			files = (
			);
			runOnlyForDeploymentPostprocessing = 0;
		};
		C5A0FEF71FCEF1170003AE40 /* Resources */ = {
			isa = PBXResourcesBuildPhase;
			buildActionMask = 2147483647;
			files = (
			);
			runOnlyForDeploymentPostprocessing = 0;
		};
/* End PBXResourcesBuildPhase section */

/* Begin PBXShellScriptBuildPhase section */
		1A1EABABA8E3FBA638EE698B /* [CP] Check Pods Manifest.lock */ = {
			isa = PBXShellScriptBuildPhase;
			buildActionMask = 2147483647;
			files = (
			);
			inputPaths = (
				"${PODS_PODFILE_DIR_PATH}/Podfile.lock",
				"${PODS_ROOT}/Manifest.lock",
			);
			name = "[CP] Check Pods Manifest.lock";
			outputPaths = (
				"$(DERIVED_FILE_DIR)/Pods-MamaWeatherTests-checkManifestLockResult.txt",
			);
			runOnlyForDeploymentPostprocessing = 0;
			shellPath = /bin/sh;
			shellScript = "diff \"${PODS_PODFILE_DIR_PATH}/Podfile.lock\" \"${PODS_ROOT}/Manifest.lock\" > /dev/null\nif [ $? != 0 ] ; then\n    # print error to STDERR\n    echo \"error: The sandbox is not in sync with the Podfile.lock. Run 'pod install' or update your CocoaPods installation.\" >&2\n    exit 1\nfi\n# This output is used by Xcode 'outputs' to avoid re-running this script phase.\necho \"SUCCESS\" > \"${SCRIPT_OUTPUT_FILE_0}\"\n";
			showEnvVarsInLog = 0;
		};
		508ABD5AE16D2874D7E869E0 /* [CP] Embed Pods Frameworks */ = {
			isa = PBXShellScriptBuildPhase;
			buildActionMask = 2147483647;
			files = (
			);
			inputPaths = (
			);
			name = "[CP] Embed Pods Frameworks";
			outputPaths = (
			);
			runOnlyForDeploymentPostprocessing = 0;
			shellPath = /bin/sh;
			shellScript = "\"${SRCROOT}/Pods/Target Support Files/Pods-MamaWeatherUITests/Pods-MamaWeatherUITests-frameworks.sh\"\n";
			showEnvVarsInLog = 0;
		};
		616FD26AD9F94B15F9D6529C /* [CP] Copy Pods Resources */ = {
			isa = PBXShellScriptBuildPhase;
			buildActionMask = 2147483647;
			files = (
			);
			inputPaths = (
			);
			name = "[CP] Copy Pods Resources";
			outputPaths = (
			);
			runOnlyForDeploymentPostprocessing = 0;
			shellPath = /bin/sh;
			shellScript = "\"${SRCROOT}/Pods/Target Support Files/Pods-MamaWeatherTests/Pods-MamaWeatherTests-resources.sh\"\n";
			showEnvVarsInLog = 0;
		};
		67BFA0CE588F09F374C915F4 /* [CP] Embed Pods Frameworks */ = {
			isa = PBXShellScriptBuildPhase;
			buildActionMask = 2147483647;
			files = (
			);
			inputPaths = (
			);
			name = "[CP] Embed Pods Frameworks";
			outputPaths = (
			);
			runOnlyForDeploymentPostprocessing = 0;
			shellPath = /bin/sh;
			shellScript = "\"${SRCROOT}/Pods/Target Support Files/Pods-MamaWeatherTests/Pods-MamaWeatherTests-frameworks.sh\"\n";
			showEnvVarsInLog = 0;
		};
		851A3556C9A06F5A3761530F /* [CP] Check Pods Manifest.lock */ = {
			isa = PBXShellScriptBuildPhase;
			buildActionMask = 2147483647;
			files = (
			);
			inputPaths = (
				"${PODS_PODFILE_DIR_PATH}/Podfile.lock",
				"${PODS_ROOT}/Manifest.lock",
			);
			name = "[CP] Check Pods Manifest.lock";
			outputPaths = (
				"$(DERIVED_FILE_DIR)/Pods-MamaWeatherUITests-checkManifestLockResult.txt",
			);
			runOnlyForDeploymentPostprocessing = 0;
			shellPath = /bin/sh;
			shellScript = "diff \"${PODS_PODFILE_DIR_PATH}/Podfile.lock\" \"${PODS_ROOT}/Manifest.lock\" > /dev/null\nif [ $? != 0 ] ; then\n    # print error to STDERR\n    echo \"error: The sandbox is not in sync with the Podfile.lock. Run 'pod install' or update your CocoaPods installation.\" >&2\n    exit 1\nfi\n# This output is used by Xcode 'outputs' to avoid re-running this script phase.\necho \"SUCCESS\" > \"${SCRIPT_OUTPUT_FILE_0}\"\n";
			showEnvVarsInLog = 0;
		};
		9144ECEE5FF757D74C572349 /* [CP] Embed Pods Frameworks */ = {
			isa = PBXShellScriptBuildPhase;
			buildActionMask = 2147483647;
			files = (
			);
			inputPaths = (
				"${SRCROOT}/Pods/Target Support Files/Pods-MamaWeather/Pods-MamaWeather-frameworks.sh",
				"${BUILT_PRODUCTS_DIR}/Alamofire/Alamofire.framework",
				"${BUILT_PRODUCTS_DIR}/SwiftSVG/SwiftSVG.framework",
				"${BUILT_PRODUCTS_DIR}/SwiftyJSON/SwiftyJSON.framework",
			);
			name = "[CP] Embed Pods Frameworks";
			outputPaths = (
				"${TARGET_BUILD_DIR}/${FRAMEWORKS_FOLDER_PATH}/Alamofire.framework",
				"${TARGET_BUILD_DIR}/${FRAMEWORKS_FOLDER_PATH}/SwiftSVG.framework",
				"${TARGET_BUILD_DIR}/${FRAMEWORKS_FOLDER_PATH}/SwiftyJSON.framework",
			);
			runOnlyForDeploymentPostprocessing = 0;
			shellPath = /bin/sh;
			shellScript = "\"${SRCROOT}/Pods/Target Support Files/Pods-MamaWeather/Pods-MamaWeather-frameworks.sh\"\n";
			showEnvVarsInLog = 0;
		};
		9887AD2F5F967AF49C542AC6 /* [CP] Copy Pods Resources */ = {
			isa = PBXShellScriptBuildPhase;
			buildActionMask = 2147483647;
			files = (
			);
			inputPaths = (
			);
			name = "[CP] Copy Pods Resources";
			outputPaths = (
			);
			runOnlyForDeploymentPostprocessing = 0;
			shellPath = /bin/sh;
			shellScript = "\"${SRCROOT}/Pods/Target Support Files/Pods-MamaWeatherUITests/Pods-MamaWeatherUITests-resources.sh\"\n";
			showEnvVarsInLog = 0;
		};
		C5A0FF0B1FCEFC700003AE40 /* ShellScript */ = {
			isa = PBXShellScriptBuildPhase;
			buildActionMask = 2147483647;
			files = (
			);
			inputPaths = (
			);
			outputPaths = (
			);
			runOnlyForDeploymentPostprocessing = 0;
			shellPath = /bin/sh;
			shellScript = "if which swiftlint >/dev/null; then\nswiftlint\nelse\necho \"warning: SwiftLint not installed, download from https://github.com/realm/SwiftLint\"\nfi";
		};
		D64F0CF496904C91E6EED24F /* [CP] Copy Pods Resources */ = {
			isa = PBXShellScriptBuildPhase;
			buildActionMask = 8;
			files = (
			);
			inputPaths = (
			);
			name = "[CP] Copy Pods Resources";
			outputPaths = (
			);
			runOnlyForDeploymentPostprocessing = 1;
			shellPath = /bin/sh;
			shellScript = "\"${SRCROOT}/Pods/Target Support Files/Pods-MamaWeather/Pods-MamaWeather-resources.sh\"\n";
		};
		E6FF4DB95D7B2A9B71426B23 /* [CP] Check Pods Manifest.lock */ = {
			isa = PBXShellScriptBuildPhase;
			buildActionMask = 2147483647;
			files = (
			);
			inputPaths = (
				"${PODS_PODFILE_DIR_PATH}/Podfile.lock",
				"${PODS_ROOT}/Manifest.lock",
			);
			name = "[CP] Check Pods Manifest.lock";
			outputPaths = (
				"$(DERIVED_FILE_DIR)/Pods-MamaWeather-checkManifestLockResult.txt",
			);
			runOnlyForDeploymentPostprocessing = 0;
			shellPath = /bin/sh;
			shellScript = "diff \"${PODS_PODFILE_DIR_PATH}/Podfile.lock\" \"${PODS_ROOT}/Manifest.lock\" > /dev/null\nif [ $? != 0 ] ; then\n    # print error to STDERR\n    echo \"error: The sandbox is not in sync with the Podfile.lock. Run 'pod install' or update your CocoaPods installation.\" >&2\n    exit 1\nfi\n# This output is used by Xcode 'outputs' to avoid re-running this script phase.\necho \"SUCCESS\" > \"${SCRIPT_OUTPUT_FILE_0}\"\n";
			showEnvVarsInLog = 0;
		};
/* End PBXShellScriptBuildPhase section */

/* Begin PBXSourcesBuildPhase section */
		C5A0FED61FCEF1160003AE40 /* Sources */ = {
			isa = PBXSourcesBuildPhase;
			buildActionMask = 2147483647;
			files = (
				C51C81B3202ED8700057E835 /* SearchParametersViewController.swift in Sources */,
				3940AC341FF7C59700703C44 /* SearchViewController.swift in Sources */,
				C5A0FEDE1FCEF1160003AE40 /* AppDelegate.swift in Sources */,
				C51E145E200BAB2C00E79AFD /* LocationManager.swift in Sources */,
				C550F3362028D9AB001549DE /* Trie.swift in Sources */,
				C584C356202E4FBA0010DDAC /* Cities.swift in Sources */,
				C5B862541FCF04FF00BFDCE9 /* HomeViewController.swift in Sources */,
			);
			runOnlyForDeploymentPostprocessing = 0;
		};
		C5A0FEEA1FCEF1170003AE40 /* Sources */ = {
			isa = PBXSourcesBuildPhase;
			buildActionMask = 2147483647;
			files = (
				C5A0FEF31FCEF1170003AE40 /* MamaWeatherTests.swift in Sources */,
			);
			runOnlyForDeploymentPostprocessing = 0;
		};
		C5A0FEF51FCEF1170003AE40 /* Sources */ = {
			isa = PBXSourcesBuildPhase;
			buildActionMask = 2147483647;
			files = (
				C5A0FEFE1FCEF1170003AE40 /* MamaWeatherUITests.swift in Sources */,
			);
			runOnlyForDeploymentPostprocessing = 0;
		};
/* End PBXSourcesBuildPhase section */

/* Begin PBXTargetDependency section */
		C5A0FEF01FCEF1170003AE40 /* PBXTargetDependency */ = {
			isa = PBXTargetDependency;
			target = C5A0FED91FCEF1160003AE40 /* MamaWeather */;
			targetProxy = C5A0FEEF1FCEF1170003AE40 /* PBXContainerItemProxy */;
		};
		C5A0FEFB1FCEF1170003AE40 /* PBXTargetDependency */ = {
			isa = PBXTargetDependency;
			target = C5A0FED91FCEF1160003AE40 /* MamaWeather */;
			targetProxy = C5A0FEFA1FCEF1170003AE40 /* PBXContainerItemProxy */;
		};
/* End PBXTargetDependency section */

/* Begin PBXVariantGroup section */
		C5A0FEE11FCEF1160003AE40 /* Main.storyboard */ = {
			isa = PBXVariantGroup;
			children = (
				C5A0FEE21FCEF1160003AE40 /* Base */,
			);
			name = Main.storyboard;
			sourceTree = "<group>";
		};
		C5A0FEE61FCEF1160003AE40 /* LaunchScreen.storyboard */ = {
			isa = PBXVariantGroup;
			children = (
				C5A0FEE71FCEF1160003AE40 /* Base */,
			);
			name = LaunchScreen.storyboard;
			sourceTree = "<group>";
		};
/* End PBXVariantGroup section */

/* Begin XCBuildConfiguration section */
		C5A0FF001FCEF1170003AE40 /* Debug */ = {
			isa = XCBuildConfiguration;
			buildSettings = {
				ALWAYS_SEARCH_USER_PATHS = NO;
				CLANG_ANALYZER_NONNULL = YES;
				CLANG_ANALYZER_NUMBER_OBJECT_CONVERSION = YES_AGGRESSIVE;
				CLANG_CXX_LANGUAGE_STANDARD = "gnu++14";
				CLANG_CXX_LIBRARY = "libc++";
				CLANG_ENABLE_MODULES = YES;
				CLANG_ENABLE_OBJC_ARC = YES;
				CLANG_WARN_BLOCK_CAPTURE_AUTORELEASING = YES;
				CLANG_WARN_BOOL_CONVERSION = YES;
				CLANG_WARN_COMMA = YES;
				CLANG_WARN_CONSTANT_CONVERSION = YES;
				CLANG_WARN_DIRECT_OBJC_ISA_USAGE = YES_ERROR;
				CLANG_WARN_DOCUMENTATION_COMMENTS = YES;
				CLANG_WARN_EMPTY_BODY = YES;
				CLANG_WARN_ENUM_CONVERSION = YES;
				CLANG_WARN_INFINITE_RECURSION = YES;
				CLANG_WARN_INT_CONVERSION = YES;
				CLANG_WARN_NON_LITERAL_NULL_CONVERSION = YES;
				CLANG_WARN_OBJC_LITERAL_CONVERSION = YES;
				CLANG_WARN_OBJC_ROOT_CLASS = YES_ERROR;
				CLANG_WARN_RANGE_LOOP_ANALYSIS = YES;
				CLANG_WARN_STRICT_PROTOTYPES = YES;
				CLANG_WARN_SUSPICIOUS_MOVE = YES;
				CLANG_WARN_UNGUARDED_AVAILABILITY = YES_AGGRESSIVE;
				CLANG_WARN_UNREACHABLE_CODE = YES;
				CLANG_WARN__DUPLICATE_METHOD_MATCH = YES;
				CODE_SIGN_IDENTITY = "iPhone Developer";
				COPY_PHASE_STRIP = NO;
				DEBUG_INFORMATION_FORMAT = dwarf;
				ENABLE_STRICT_OBJC_MSGSEND = YES;
				ENABLE_TESTABILITY = YES;
				GCC_C_LANGUAGE_STANDARD = gnu11;
				GCC_DYNAMIC_NO_PIC = NO;
				GCC_NO_COMMON_BLOCKS = YES;
				GCC_OPTIMIZATION_LEVEL = 0;
				GCC_PREPROCESSOR_DEFINITIONS = (
					"DEBUG=1",
					"$(inherited)",
				);
				GCC_WARN_64_TO_32_BIT_CONVERSION = YES;
				GCC_WARN_ABOUT_RETURN_TYPE = YES_ERROR;
				GCC_WARN_UNDECLARED_SELECTOR = YES;
				GCC_WARN_UNINITIALIZED_AUTOS = YES_AGGRESSIVE;
				GCC_WARN_UNUSED_FUNCTION = YES;
				GCC_WARN_UNUSED_VARIABLE = YES;
				IPHONEOS_DEPLOYMENT_TARGET = 11.1;
				MTL_ENABLE_DEBUG_INFO = YES;
				ONLY_ACTIVE_ARCH = YES;
				SDKROOT = iphoneos;
				SWIFT_ACTIVE_COMPILATION_CONDITIONS = DEBUG;
				SWIFT_OPTIMIZATION_LEVEL = "-Onone";
			};
			name = Debug;
		};
		C5A0FF011FCEF1170003AE40 /* Release */ = {
			isa = XCBuildConfiguration;
			buildSettings = {
				ALWAYS_SEARCH_USER_PATHS = NO;
				CLANG_ANALYZER_NONNULL = YES;
				CLANG_ANALYZER_NUMBER_OBJECT_CONVERSION = YES_AGGRESSIVE;
				CLANG_CXX_LANGUAGE_STANDARD = "gnu++14";
				CLANG_CXX_LIBRARY = "libc++";
				CLANG_ENABLE_MODULES = YES;
				CLANG_ENABLE_OBJC_ARC = YES;
				CLANG_WARN_BLOCK_CAPTURE_AUTORELEASING = YES;
				CLANG_WARN_BOOL_CONVERSION = YES;
				CLANG_WARN_COMMA = YES;
				CLANG_WARN_CONSTANT_CONVERSION = YES;
				CLANG_WARN_DIRECT_OBJC_ISA_USAGE = YES_ERROR;
				CLANG_WARN_DOCUMENTATION_COMMENTS = YES;
				CLANG_WARN_EMPTY_BODY = YES;
				CLANG_WARN_ENUM_CONVERSION = YES;
				CLANG_WARN_INFINITE_RECURSION = YES;
				CLANG_WARN_INT_CONVERSION = YES;
				CLANG_WARN_NON_LITERAL_NULL_CONVERSION = YES;
				CLANG_WARN_OBJC_LITERAL_CONVERSION = YES;
				CLANG_WARN_OBJC_ROOT_CLASS = YES_ERROR;
				CLANG_WARN_RANGE_LOOP_ANALYSIS = YES;
				CLANG_WARN_STRICT_PROTOTYPES = YES;
				CLANG_WARN_SUSPICIOUS_MOVE = YES;
				CLANG_WARN_UNGUARDED_AVAILABILITY = YES_AGGRESSIVE;
				CLANG_WARN_UNREACHABLE_CODE = YES;
				CLANG_WARN__DUPLICATE_METHOD_MATCH = YES;
				CODE_SIGN_IDENTITY = "iPhone Developer";
				COPY_PHASE_STRIP = NO;
				DEBUG_INFORMATION_FORMAT = "dwarf-with-dsym";
				ENABLE_NS_ASSERTIONS = NO;
				ENABLE_STRICT_OBJC_MSGSEND = YES;
				GCC_C_LANGUAGE_STANDARD = gnu11;
				GCC_NO_COMMON_BLOCKS = YES;
				GCC_WARN_64_TO_32_BIT_CONVERSION = YES;
				GCC_WARN_ABOUT_RETURN_TYPE = YES_ERROR;
				GCC_WARN_UNDECLARED_SELECTOR = YES;
				GCC_WARN_UNINITIALIZED_AUTOS = YES_AGGRESSIVE;
				GCC_WARN_UNUSED_FUNCTION = YES;
				GCC_WARN_UNUSED_VARIABLE = YES;
				IPHONEOS_DEPLOYMENT_TARGET = 11.1;
				MTL_ENABLE_DEBUG_INFO = NO;
				SDKROOT = iphoneos;
				SWIFT_OPTIMIZATION_LEVEL = "-Owholemodule";
				VALIDATE_PRODUCT = YES;
			};
			name = Release;
		};
		C5A0FF031FCEF1170003AE40 /* Debug */ = {
			isa = XCBuildConfiguration;
			baseConfigurationReference = 913D7E027E298EDB6F4EC167 /* Pods-MamaWeather.debug.xcconfig */;
			buildSettings = {
				ASSETCATALOG_COMPILER_APPICON_NAME = AppIcon;
				CODE_SIGN_STYLE = Automatic;
				DEVELOPMENT_TEAM = 2L24TQ8W95;
				INFOPLIST_FILE = MamaWeather/Info.plist;
				LD_RUNPATH_SEARCH_PATHS = "$(inherited) @executable_path/Frameworks";
				PRODUCT_BUNDLE_IDENTIFIER = com.asteasolutions.mamaweather.MamaWeather;
				PRODUCT_NAME = "$(TARGET_NAME)";
				SWIFT_VERSION = 4.0;
				TARGETED_DEVICE_FAMILY = "1,2";
			};
			name = Debug;
		};
		C5A0FF041FCEF1170003AE40 /* Release */ = {
			isa = XCBuildConfiguration;
			baseConfigurationReference = 1D41867BB0A50130FF63923D /* Pods-MamaWeather.release.xcconfig */;
			buildSettings = {
				ASSETCATALOG_COMPILER_APPICON_NAME = AppIcon;
				CODE_SIGN_STYLE = Automatic;
				DEVELOPMENT_TEAM = 2L24TQ8W95;
				INFOPLIST_FILE = MamaWeather/Info.plist;
				LD_RUNPATH_SEARCH_PATHS = "$(inherited) @executable_path/Frameworks";
				PRODUCT_BUNDLE_IDENTIFIER = com.asteasolutions.mamaweather.MamaWeather;
				PRODUCT_NAME = "$(TARGET_NAME)";
				SWIFT_VERSION = 4.0;
				TARGETED_DEVICE_FAMILY = "1,2";
			};
			name = Release;
		};
		C5A0FF061FCEF1170003AE40 /* Debug */ = {
			isa = XCBuildConfiguration;
			baseConfigurationReference = 0D31AB42DA3121F6A69CB87C /* Pods-MamaWeatherTests.debug.xcconfig */;
			buildSettings = {
				ALWAYS_EMBED_SWIFT_STANDARD_LIBRARIES = YES;
				BUNDLE_LOADER = "$(TEST_HOST)";
				CODE_SIGN_STYLE = Automatic;
				INFOPLIST_FILE = MamaWeatherTests/Info.plist;
				LD_RUNPATH_SEARCH_PATHS = "$(inherited) @executable_path/Frameworks @loader_path/Frameworks";
				PRODUCT_BUNDLE_IDENTIFIER = com.asteasolutions.mamaweather.MamaWeatherTests;
				PRODUCT_NAME = "$(TARGET_NAME)";
				SWIFT_VERSION = 4.0;
				TARGETED_DEVICE_FAMILY = "1,2";
				TEST_HOST = "$(BUILT_PRODUCTS_DIR)/MamaWeather.app/MamaWeather";
			};
			name = Debug;
		};
		C5A0FF071FCEF1170003AE40 /* Release */ = {
			isa = XCBuildConfiguration;
			baseConfigurationReference = FB52A5072B436C6C2776B678 /* Pods-MamaWeatherTests.release.xcconfig */;
			buildSettings = {
				ALWAYS_EMBED_SWIFT_STANDARD_LIBRARIES = YES;
				BUNDLE_LOADER = "$(TEST_HOST)";
				CODE_SIGN_STYLE = Automatic;
				INFOPLIST_FILE = MamaWeatherTests/Info.plist;
				LD_RUNPATH_SEARCH_PATHS = "$(inherited) @executable_path/Frameworks @loader_path/Frameworks";
				PRODUCT_BUNDLE_IDENTIFIER = com.asteasolutions.mamaweather.MamaWeatherTests;
				PRODUCT_NAME = "$(TARGET_NAME)";
				SWIFT_VERSION = 4.0;
				TARGETED_DEVICE_FAMILY = "1,2";
				TEST_HOST = "$(BUILT_PRODUCTS_DIR)/MamaWeather.app/MamaWeather";
			};
			name = Release;
		};
		C5A0FF091FCEF1170003AE40 /* Debug */ = {
			isa = XCBuildConfiguration;
			baseConfigurationReference = 5B998F16B4CD825623DDD622 /* Pods-MamaWeatherUITests.debug.xcconfig */;
			buildSettings = {
				ALWAYS_EMBED_SWIFT_STANDARD_LIBRARIES = YES;
				CODE_SIGN_STYLE = Automatic;
				INFOPLIST_FILE = MamaWeatherUITests/Info.plist;
				LD_RUNPATH_SEARCH_PATHS = "$(inherited) @executable_path/Frameworks @loader_path/Frameworks";
				PRODUCT_BUNDLE_IDENTIFIER = com.asteasolutions.mamaweather.MamaWeatherUITests;
				PRODUCT_NAME = "$(TARGET_NAME)";
				SWIFT_VERSION = 4.0;
				TARGETED_DEVICE_FAMILY = "1,2";
				TEST_TARGET_NAME = MamaWeather;
			};
			name = Debug;
		};
		C5A0FF0A1FCEF1170003AE40 /* Release */ = {
			isa = XCBuildConfiguration;
			baseConfigurationReference = 2A4E945CAF47EC479CB555AF /* Pods-MamaWeatherUITests.release.xcconfig */;
			buildSettings = {
				ALWAYS_EMBED_SWIFT_STANDARD_LIBRARIES = YES;
				CODE_SIGN_STYLE = Automatic;
				INFOPLIST_FILE = MamaWeatherUITests/Info.plist;
				LD_RUNPATH_SEARCH_PATHS = "$(inherited) @executable_path/Frameworks @loader_path/Frameworks";
				PRODUCT_BUNDLE_IDENTIFIER = com.asteasolutions.mamaweather.MamaWeatherUITests;
				PRODUCT_NAME = "$(TARGET_NAME)";
				SWIFT_VERSION = 4.0;
				TARGETED_DEVICE_FAMILY = "1,2";
				TEST_TARGET_NAME = MamaWeather;
			};
			name = Release;
		};
/* End XCBuildConfiguration section */

/* Begin XCConfigurationList section */
		C5A0FED51FCEF1160003AE40 /* Build configuration list for PBXProject "MamaWeather" */ = {
			isa = XCConfigurationList;
			buildConfigurations = (
				C5A0FF001FCEF1170003AE40 /* Debug */,
				C5A0FF011FCEF1170003AE40 /* Release */,
			);
			defaultConfigurationIsVisible = 0;
			defaultConfigurationName = Release;
		};
		C5A0FF021FCEF1170003AE40 /* Build configuration list for PBXNativeTarget "MamaWeather" */ = {
			isa = XCConfigurationList;
			buildConfigurations = (
				C5A0FF031FCEF1170003AE40 /* Debug */,
				C5A0FF041FCEF1170003AE40 /* Release */,
			);
			defaultConfigurationIsVisible = 0;
			defaultConfigurationName = Release;
		};
		C5A0FF051FCEF1170003AE40 /* Build configuration list for PBXNativeTarget "MamaWeatherTests" */ = {
			isa = XCConfigurationList;
			buildConfigurations = (
				C5A0FF061FCEF1170003AE40 /* Debug */,
				C5A0FF071FCEF1170003AE40 /* Release */,
			);
			defaultConfigurationIsVisible = 0;
			defaultConfigurationName = Release;
		};
		C5A0FF081FCEF1170003AE40 /* Build configuration list for PBXNativeTarget "MamaWeatherUITests" */ = {
			isa = XCConfigurationList;
			buildConfigurations = (
				C5A0FF091FCEF1170003AE40 /* Debug */,
				C5A0FF0A1FCEF1170003AE40 /* Release */,
			);
			defaultConfigurationIsVisible = 0;
			defaultConfigurationName = Release;
		};
/* End XCConfigurationList section */
	};
	rootObject = C5A0FED21FCEF1160003AE40 /* Project object */;
}
