PODS:
  - Alamofire (4.6.0)
  - SwiftSVG (2.1.2)
  - SwiftyJSON (4.0.0)

DEPENDENCIES:
  - Alamofire (~> 4.6)
  - SwiftSVG (~> 2.0)
  - SwiftyJSON (~> 4.0)

SPEC CHECKSUMS:
  Alamofire: f41a599bd63041760b26d393ec1069d9d7b917f4
  SwiftSVG: 62d14020b1cca49c096ce8b752d35f46722231d5
  SwiftyJSON: 070dabdcb1beb81b247c65ffa3a79dbbfb3b48aa

PODFILE CHECKSUM: 8946eaf89c2656a3a41f9816c7df8a5bab78b95e

COCOAPODS: 1.4.0
